// !$*UTF8*$!
{
	archiveVersion = 1;
	classes = {
	};
	objectVersion = 46;
	objects = {

/* Begin PBXBuildFile section */
		B1EA4A401B9BEA8E00F2E7D8 /* AppDelegate.swift in Sources */ = {isa = PBXBuildFile; fileRef = B1EA4A3F1B9BEA8E00F2E7D8 /* AppDelegate.swift */; };
		B1EA4A421B9BEA8E00F2E7D8 /* ViewController.swift in Sources */ = {isa = PBXBuildFile; fileRef = B1EA4A411B9BEA8E00F2E7D8 /* ViewController.swift */; };
		B1EA4A451B9BEA8E00F2E7D8 /* Main.storyboard in Resources */ = {isa = PBXBuildFile; fileRef = B1EA4A431B9BEA8E00F2E7D8 /* Main.storyboard */; };
		B1EA4A471B9BEA8E00F2E7D8 /* Assets.xcassets in Resources */ = {isa = PBXBuildFile; fileRef = B1EA4A461B9BEA8E00F2E7D8 /* Assets.xcassets */; };
		B1EA4A4A1B9BEA8E00F2E7D8 /* LaunchScreen.storyboard in Resources */ = {isa = PBXBuildFile; fileRef = B1EA4A481B9BEA8E00F2E7D8 /* LaunchScreen.storyboard */; };
		B1EA4A551B9BEA8E00F2E7D8 /* Swift_TotalizatorTests.swift in Sources */ = {isa = PBXBuildFile; fileRef = B1EA4A541B9BEA8E00F2E7D8 /* Swift_TotalizatorTests.swift */; };
		B1EA4A601B9BEA8E00F2E7D8 /* Swift_TotalizatorUITests.swift in Sources */ = {isa = PBXBuildFile; fileRef = B1EA4A5F1B9BEA8E00F2E7D8 /* Swift_TotalizatorUITests.swift */; };
/* End PBXBuildFile section */

/* Begin PBXContainerItemProxy section */
		B1EA4A511B9BEA8E00F2E7D8 /* PBXContainerItemProxy */ = {
			isa = PBXContainerItemProxy;
			containerPortal = B1EA4A341B9BEA8E00F2E7D8 /* Project object */;
			proxyType = 1;
			remoteGlobalIDString = B1EA4A3B1B9BEA8E00F2E7D8;
			remoteInfo = Swift_Totalizator;
		};
		B1EA4A5C1B9BEA8E00F2E7D8 /* PBXContainerItemProxy */ = {
			isa = PBXContainerItemProxy;
			containerPortal = B1EA4A341B9BEA8E00F2E7D8 /* Project object */;
			proxyType = 1;
			remoteGlobalIDString = B1EA4A3B1B9BEA8E00F2E7D8;
			remoteInfo = Swift_Totalizator;
		};
/* End PBXContainerItemProxy section */

/* Begin PBXFileReference section */
		B1EA4A3C1B9BEA8E00F2E7D8 /* Swift_Totalizator.app */ = {isa = PBXFileReference; explicitFileType = wrapper.application; includeInIndex = 0; path = Swift_Totalizator.app; sourceTree = BUILT_PRODUCTS_DIR; };
		B1EA4A3F1B9BEA8E00F2E7D8 /* AppDelegate.swift */ = {isa = PBXFileReference; lastKnownFileType = sourcecode.swift; path = AppDelegate.swift; sourceTree = "<group>"; };
		B1EA4A411B9BEA8E00F2E7D8 /* ViewController.swift */ = {isa = PBXFileReference; lastKnownFileType = sourcecode.swift; path = ViewController.swift; sourceTree = "<group>"; };
		B1EA4A441B9BEA8E00F2E7D8 /* Base */ = {isa = PBXFileReference; lastKnownFileType = file.storyboard; name = Base; path = Base.lproj/Main.storyboard; sourceTree = "<group>"; };
		B1EA4A461B9BEA8E00F2E7D8 /* Assets.xcassets */ = {isa = PBXFileReference; lastKnownFileType = folder.assetcatalog; path = Assets.xcassets; sourceTree = "<group>"; };
		B1EA4A491B9BEA8E00F2E7D8 /* Base */ = {isa = PBXFileReference; lastKnownFileType = file.storyboard; name = Base; path = Base.lproj/LaunchScreen.storyboard; sourceTree = "<group>"; };
		B1EA4A4B1B9BEA8E00F2E7D8 /* Info.plist */ = {isa = PBXFileReference; lastKnownFileType = text.plist.xml; path = Info.plist; sourceTree = "<group>"; };
		B1EA4A501B9BEA8E00F2E7D8 /* Swift_TotalizatorTests.xctest */ = {isa = PBXFileReference; explicitFileType = wrapper.cfbundle; includeInIndex = 0; path = Swift_TotalizatorTests.xctest; sourceTree = BUILT_PRODUCTS_DIR; };
		B1EA4A541B9BEA8E00F2E7D8 /* Swift_TotalizatorTests.swift */ = {isa = PBXFileReference; lastKnownFileType = sourcecode.swift; path = Swift_TotalizatorTests.swift; sourceTree = "<group>"; };
		B1EA4A561B9BEA8E00F2E7D8 /* Info.plist */ = {isa = PBXFileReference; lastKnownFileType = text.plist.xml; path = Info.plist; sourceTree = "<group>"; };
		B1EA4A5B1B9BEA8E00F2E7D8 /* Swift_TotalizatorUITests.xctest */ = {isa = PBXFileReference; explicitFileType = wrapper.cfbundle; includeInIndex = 0; path = Swift_TotalizatorUITests.xctest; sourceTree = BUILT_PRODUCTS_DIR; };
		B1EA4A5F1B9BEA8E00F2E7D8 /* Swift_TotalizatorUITests.swift */ = {isa = PBXFileReference; lastKnownFileType = sourcecode.swift; path = Swift_TotalizatorUITests.swift; sourceTree = "<group>"; };
		B1EA4A611B9BEA8E00F2E7D8 /* Info.plist */ = {isa = PBXFileReference; lastKnownFileType = text.plist.xml; path = Info.plist; sourceTree = "<group>"; };
/* End PBXFileReference section */

/* Begin PBXFrameworksBuildPhase section */
		B1EA4A391B9BEA8E00F2E7D8 /* Frameworks */ = {
			isa = PBXFrameworksBuildPhase;
			buildActionMask = 2147483647;
			files = (
			);
			runOnlyForDeploymentPostprocessing = 0;
		};
		B1EA4A4D1B9BEA8E00F2E7D8 /* Frameworks */ = {
			isa = PBXFrameworksBuildPhase;
			buildActionMask = 2147483647;
			files = (
			);
			runOnlyForDeploymentPostprocessing = 0;
		};
		B1EA4A581B9BEA8E00F2E7D8 /* Frameworks */ = {
			isa = PBXFrameworksBuildPhase;
			buildActionMask = 2147483647;
			files = (
			);
			runOnlyForDeploymentPostprocessing = 0;
		};
/* End PBXFrameworksBuildPhase section */

/* Begin PBXGroup section */
		B1EA4A331B9BEA8E00F2E7D8 = {
			isa = PBXGroup;
			children = (
				B1EA4A3E1B9BEA8E00F2E7D8 /* Swift_Totalizator */,
				B1EA4A531B9BEA8E00F2E7D8 /* Swift_TotalizatorTests */,
				B1EA4A5E1B9BEA8E00F2E7D8 /* Swift_TotalizatorUITests */,
				B1EA4A3D1B9BEA8E00F2E7D8 /* Products */,
			);
			sourceTree = "<group>";
		};
		B1EA4A3D1B9BEA8E00F2E7D8 /* Products */ = {
			isa = PBXGroup;
			children = (
				B1EA4A3C1B9BEA8E00F2E7D8 /* Swift_Totalizator.app */,
				B1EA4A501B9BEA8E00F2E7D8 /* Swift_TotalizatorTests.xctest */,
				B1EA4A5B1B9BEA8E00F2E7D8 /* Swift_TotalizatorUITests.xctest */,
			);
			name = Products;
			sourceTree = "<group>";
		};
		B1EA4A3E1B9BEA8E00F2E7D8 /* Swift_Totalizator */ = {
			isa = PBXGroup;
			children = (
				B1EA4A3F1B9BEA8E00F2E7D8 /* AppDelegate.swift */,
				B1EA4A411B9BEA8E00F2E7D8 /* ViewController.swift */,
				B1EA4A431B9BEA8E00F2E7D8 /* Main.storyboard */,
				B1EA4A461B9BEA8E00F2E7D8 /* Assets.xcassets */,
				B1EA4A481B9BEA8E00F2E7D8 /* LaunchScreen.storyboard */,
				B1EA4A4B1B9BEA8E00F2E7D8 /* Info.plist */,
			);
			path = Swift_Totalizator;
			sourceTree = "<group>";
		};
		B1EA4A531B9BEA8E00F2E7D8 /* Swift_TotalizatorTests */ = {
			isa = PBXGroup;
			children = (
				B1EA4A541B9BEA8E00F2E7D8 /* Swift_TotalizatorTests.swift */,
				B1EA4A561B9BEA8E00F2E7D8 /* Info.plist */,
			);
			path = Swift_TotalizatorTests;
			sourceTree = "<group>";
		};
		B1EA4A5E1B9BEA8E00F2E7D8 /* Swift_TotalizatorUITests */ = {
			isa = PBXGroup;
			children = (
				B1EA4A5F1B9BEA8E00F2E7D8 /* Swift_TotalizatorUITests.swift */,
				B1EA4A611B9BEA8E00F2E7D8 /* Info.plist */,
			);
			path = Swift_TotalizatorUITests;
			sourceTree = "<group>";
		};
/* End PBXGroup section */

/* Begin PBXNativeTarget section */
		B1EA4A3B1B9BEA8E00F2E7D8 /* Swift_Totalizator */ = {
			isa = PBXNativeTarget;
			buildConfigurationList = B1EA4A641B9BEA8E00F2E7D8 /* Build configuration list for PBXNativeTarget "Swift_Totalizator" */;
			buildPhases = (
				B1EA4A381B9BEA8E00F2E7D8 /* Sources */,
				B1EA4A391B9BEA8E00F2E7D8 /* Frameworks */,
				B1EA4A3A1B9BEA8E00F2E7D8 /* Resources */,
			);
			buildRules = (
			);
			dependencies = (
			);
			name = Swift_Totalizator;
			productName = Swift_Totalizator;
			productReference = B1EA4A3C1B9BEA8E00F2E7D8 /* Swift_Totalizator.app */;
			productType = "com.apple.product-type.application";
		};
		B1EA4A4F1B9BEA8E00F2E7D8 /* Swift_TotalizatorTests */ = {
			isa = PBXNativeTarget;
			buildConfigurationList = B1EA4A671B9BEA8E00F2E7D8 /* Build configuration list for PBXNativeTarget "Swift_TotalizatorTests" */;
			buildPhases = (
				B1EA4A4C1B9BEA8E00F2E7D8 /* Sources */,
				B1EA4A4D1B9BEA8E00F2E7D8 /* Frameworks */,
				B1EA4A4E1B9BEA8E00F2E7D8 /* Resources */,
			);
			buildRules = (
			);
			dependencies = (
				B1EA4A521B9BEA8E00F2E7D8 /* PBXTargetDependency */,
			);
			name = Swift_TotalizatorTests;
			productName = Swift_TotalizatorTests;
			productReference = B1EA4A501B9BEA8E00F2E7D8 /* Swift_TotalizatorTests.xctest */;
			productType = "com.apple.product-type.bundle.unit-test";
		};
		B1EA4A5A1B9BEA8E00F2E7D8 /* Swift_TotalizatorUITests */ = {
			isa = PBXNativeTarget;
			buildConfigurationList = B1EA4A6A1B9BEA8E00F2E7D8 /* Build configuration list for PBXNativeTarget "Swift_TotalizatorUITests" */;
			buildPhases = (
				B1EA4A571B9BEA8E00F2E7D8 /* Sources */,
				B1EA4A581B9BEA8E00F2E7D8 /* Frameworks */,
				B1EA4A591B9BEA8E00F2E7D8 /* Resources */,
			);
			buildRules = (
			);
			dependencies = (
				B1EA4A5D1B9BEA8E00F2E7D8 /* PBXTargetDependency */,
			);
			name = Swift_TotalizatorUITests;
			productName = Swift_TotalizatorUITests;
			productReference = B1EA4A5B1B9BEA8E00F2E7D8 /* Swift_TotalizatorUITests.xctest */;
			productType = "com.apple.product-type.bundle.ui-testing";
		};
/* End PBXNativeTarget section */

/* Begin PBXProject section */
		B1EA4A341B9BEA8E00F2E7D8 /* Project object */ = {
			isa = PBXProject;
			attributes = {
				LastUpgradeCheck = 0700;
				ORGANIZATIONNAME = Arron;
				TargetAttributes = {
					B1EA4A3B1B9BEA8E00F2E7D8 = {
						CreatedOnToolsVersion = 7.0;
					};
					B1EA4A4F1B9BEA8E00F2E7D8 = {
						CreatedOnToolsVersion = 7.0;
						TestTargetID = B1EA4A3B1B9BEA8E00F2E7D8;
					};
					B1EA4A5A1B9BEA8E00F2E7D8 = {
						CreatedOnToolsVersion = 7.0;
						TestTargetID = B1EA4A3B1B9BEA8E00F2E7D8;
					};
				};
			};
			buildConfigurationList = B1EA4A371B9BEA8E00F2E7D8 /* Build configuration list for PBXProject "Swift_Totalizator" */;
			compatibilityVersion = "Xcode 3.2";
			developmentRegion = English;
			hasScannedForEncodings = 0;
			knownRegions = (
				en,
				Base,
			);
			mainGroup = B1EA4A331B9BEA8E00F2E7D8;
			productRefGroup = B1EA4A3D1B9BEA8E00F2E7D8 /* Products */;
			projectDirPath = "";
			projectRoot = "";
			targets = (
				B1EA4A3B1B9BEA8E00F2E7D8 /* Swift_Totalizator */,
				B1EA4A4F1B9BEA8E00F2E7D8 /* Swift_TotalizatorTests */,
				B1EA4A5A1B9BEA8E00F2E7D8 /* Swift_TotalizatorUITests */,
			);
		};
/* End PBXProject section */

/* Begin PBXResourcesBuildPhase section */
		B1EA4A3A1B9BEA8E00F2E7D8 /* Resources */ = {
			isa = PBXResourcesBuildPhase;
			buildActionMask = 2147483647;
			files = (
				B1EA4A4A1B9BEA8E00F2E7D8 /* LaunchScreen.storyboard in Resources */,
				B1EA4A471B9BEA8E00F2E7D8 /* Assets.xcassets in Resources */,
				B1EA4A451B9BEA8E00F2E7D8 /* Main.storyboard in Resources */,
			);
			runOnlyForDeploymentPostprocessing = 0;
		};
		B1EA4A4E1B9BEA8E00F2E7D8 /* Resources */ = {
			isa = PBXResourcesBuildPhase;
			buildActionMask = 2147483647;
			files = (
			);
			runOnlyForDeploymentPostprocessing = 0;
		};
		B1EA4A591B9BEA8E00F2E7D8 /* Resources */ = {
			isa = PBXResourcesBuildPhase;
			buildActionMask = 2147483647;
			files = (
			);
			runOnlyForDeploymentPostprocessing = 0;
		};
/* End PBXResourcesBuildPhase section */

/* Begin PBXSourcesBuildPhase section */
		B1EA4A381B9BEA8E00F2E7D8 /* Sources */ = {
			isa = PBXSourcesBuildPhase;
			buildActionMask = 2147483647;
			files = (
				B1EA4A421B9BEA8E00F2E7D8 /* ViewController.swift in Sources */,
				B1EA4A401B9BEA8E00F2E7D8 /* AppDelegate.swift in Sources */,
			);
			runOnlyForDeploymentPostprocessing = 0;
		};
		B1EA4A4C1B9BEA8E00F2E7D8 /* Sources */ = {
			isa = PBXSourcesBuildPhase;
			buildActionMask = 2147483647;
			files = (
				B1EA4A551B9BEA8E00F2E7D8 /* Swift_TotalizatorTests.swift in Sources */,
			);
			runOnlyForDeploymentPostprocessing = 0;
		};
		B1EA4A571B9BEA8E00F2E7D8 /* Sources */ = {
			isa = PBXSourcesBuildPhase;
			buildActionMask = 2147483647;
			files = (
				B1EA4A601B9BEA8E00F2E7D8 /* Swift_TotalizatorUITests.swift in Sources */,
			);
			runOnlyForDeploymentPostprocessing = 0;
		};
/* End PBXSourcesBuildPhase section */

/* Begin PBXTargetDependency section */
		B1EA4A521B9BEA8E00F2E7D8 /* PBXTargetDependency */ = {
			isa = PBXTargetDependency;
			target = B1EA4A3B1B9BEA8E00F2E7D8 /* Swift_Totalizator */;
			targetProxy = B1EA4A511B9BEA8E00F2E7D8 /* PBXContainerItemProxy */;
		};
		B1EA4A5D1B9BEA8E00F2E7D8 /* PBXTargetDependency */ = {
			isa = PBXTargetDependency;
			target = B1EA4A3B1B9BEA8E00F2E7D8 /* Swift_Totalizator */;
			targetProxy = B1EA4A5C1B9BEA8E00F2E7D8 /* PBXContainerItemProxy */;
		};
/* End PBXTargetDependency section */

/* Begin PBXVariantGroup section */
		B1EA4A431B9BEA8E00F2E7D8 /* Main.storyboard */ = {
			isa = PBXVariantGroup;
			children = (
				B1EA4A441B9BEA8E00F2E7D8 /* Base */,
			);
			name = Main.storyboard;
			sourceTree = "<group>";
		};
		B1EA4A481B9BEA8E00F2E7D8 /* LaunchScreen.storyboard */ = {
			isa = PBXVariantGroup;
			children = (
				B1EA4A491B9BEA8E00F2E7D8 /* Base */,
			);
			name = LaunchScreen.storyboard;
			sourceTree = "<group>";
		};
/* End PBXVariantGroup section */

/* Begin XCBuildConfiguration section */
		B1EA4A621B9BEA8E00F2E7D8 /* Debug */ = {
			isa = XCBuildConfiguration;
			buildSettings = {
				ALWAYS_SEARCH_USER_PATHS = NO;
				CLANG_CXX_LANGUAGE_STANDARD = "gnu++0x";
				CLANG_CXX_LIBRARY = "libc++";
				CLANG_ENABLE_MODULES = YES;
				CLANG_ENABLE_OBJC_ARC = YES;
				CLANG_WARN_BOOL_CONVERSION = YES;
				CLANG_WARN_CONSTANT_CONVERSION = YES;
				CLANG_WARN_DIRECT_OBJC_ISA_USAGE = YES_ERROR;
				CLANG_WARN_EMPTY_BODY = YES;
				CLANG_WARN_ENUM_CONVERSION = YES;
				CLANG_WARN_INT_CONVERSION = YES;
				CLANG_WARN_OBJC_ROOT_CLASS = YES_ERROR;
				CLANG_WARN_UNREACHABLE_CODE = YES;
				CLANG_WARN__DUPLICATE_METHOD_MATCH = YES;
				"CODE_SIGN_IDENTITY[sdk=iphoneos*]" = "iPhone Developer";
				COPY_PHASE_STRIP = NO;
				DEBUG_INFORMATION_FORMAT = dwarf;
				ENABLE_STRICT_OBJC_MSGSEND = YES;
				ENABLE_TESTABILITY = YES;
				GCC_C_LANGUAGE_STANDARD = gnu99;
				GCC_DYNAMIC_NO_PIC = NO;
				GCC_NO_COMMON_BLOCKS = YES;
				GCC_OPTIMIZATION_LEVEL = 0;
				GCC_PREPROCESSOR_DEFINITIONS = (
					"DEBUG=1",
					"$(inherited)",
				);
				GCC_WARN_64_TO_32_BIT_CONVERSION = YES;
				GCC_WARN_ABOUT_RETURN_TYPE = YES_ERROR;
				GCC_WARN_UNDECLARED_SELECTOR = YES;
				GCC_WARN_UNINITIALIZED_AUTOS = YES_AGGRESSIVE;
				GCC_WARN_UNUSED_FUNCTION = YES;
				GCC_WARN_UNUSED_VARIABLE = YES;
				IPHONEOS_DEPLOYMENT_TARGET = 9.0;
				MTL_ENABLE_DEBUG_INFO = YES;
				ONLY_ACTIVE_ARCH = YES;
				SDKROOT = iphoneos;
				SWIFT_OPTIMIZATION_LEVEL = "-Onone";
				TARGETED_DEVICE_FAMILY = "1,2";
			};
			name = Debug;
		};
		B1EA4A631B9BEA8E00F2E7D8 /* Release */ = {
			isa = XCBuildConfiguration;
			buildSettings = {
				ALWAYS_SEARCH_USER_PATHS = NO;
				CLANG_CXX_LANGUAGE_STANDARD = "gnu++0x";
				CLANG_CXX_LIBRARY = "libc++";
				CLANG_ENABLE_MODULES = YES;
				CLANG_ENABLE_OBJC_ARC = YES;
				CLANG_WARN_BOOL_CONVERSION = YES;
				CLANG_WARN_CONSTANT_CONVERSION = YES;
				CLANG_WARN_DIRECT_OBJC_ISA_USAGE = YES_ERROR;
				CLANG_WARN_EMPTY_BODY = YES;
				CLANG_WARN_ENUM_CONVERSION = YES;
				CLANG_WARN_INT_CONVERSION = YES;
				CLANG_WARN_OBJC_ROOT_CLASS = YES_ERROR;
				CLANG_WARN_UNREACHABLE_CODE = YES;
				CLANG_WARN__DUPLICATE_METHOD_MATCH = YES;
				"CODE_SIGN_IDENTITY[sdk=iphoneos*]" = "iPhone Developer";
				COPY_PHASE_STRIP = NO;
				DEBUG_INFORMATION_FORMAT = "dwarf-with-dsym";
				ENABLE_NS_ASSERTIONS = NO;
				ENABLE_STRICT_OBJC_MSGSEND = YES;
				GCC_C_LANGUAGE_STANDARD = gnu99;
				GCC_NO_COMMON_BLOCKS = YES;
				GCC_WARN_64_TO_32_BIT_CONVERSION = YES;
				GCC_WARN_ABOUT_RETURN_TYPE = YES_ERROR;
				GCC_WARN_UNDECLARED_SELECTOR = YES;
				GCC_WARN_UNINITIALIZED_AUTOS = YES_AGGRESSIVE;
				GCC_WARN_UNUSED_FUNCTION = YES;
				GCC_WARN_UNUSED_VARIABLE = YES;
				IPHONEOS_DEPLOYMENT_TARGET = 9.0;
				MTL_ENABLE_DEBUG_INFO = NO;
				SDKROOT = iphoneos;
				TARGETED_DEVICE_FAMILY = "1,2";
				VALIDATE_PRODUCT = YES;
			};
			name = Release;
		};
		B1EA4A651B9BEA8E00F2E7D8 /* Debug */ = {
			isa = XCBuildConfiguration;
			buildSettings = {
				ASSETCATALOG_COMPILER_APPICON_NAME = AppIcon;
				INFOPLIST_FILE = Swift_Totalizator/Info.plist;
				LD_RUNPATH_SEARCH_PATHS = "$(inherited) @executable_path/Frameworks";
				PRODUCT_BUNDLE_IDENTIFIER = "com.helloarron.Swift-Totalizator";
				PRODUCT_NAME = "$(TARGET_NAME)";
			};
			name = Debug;
		};
		B1EA4A661B9BEA8E00F2E7D8 /* Release */ = {
			isa = XCBuildConfiguration;
			buildSettings = {
				ASSETCATALOG_COMPILER_APPICON_NAME = AppIcon;
				INFOPLIST_FILE = Swift_Totalizator/Info.plist;
				LD_RUNPATH_SEARCH_PATHS = "$(inherited) @executable_path/Frameworks";
				PRODUCT_BUNDLE_IDENTIFIER = "com.helloarron.Swift-Totalizator";
				PRODUCT_NAME = "$(TARGET_NAME)";
			};
			name = Release;
		};
		B1EA4A681B9BEA8E00F2E7D8 /* Debug */ = {
			isa = XCBuildConfiguration;
			buildSettings = {
				BUNDLE_LOADER = "$(TEST_HOST)";
				INFOPLIST_FILE = Swift_TotalizatorTests/Info.plist;
				LD_RUNPATH_SEARCH_PATHS = "$(inherited) @executable_path/Frameworks @loader_path/Frameworks";
				PRODUCT_BUNDLE_IDENTIFIER = "com.helloarron.Swift-TotalizatorTests";
				PRODUCT_NAME = "$(TARGET_NAME)";
				TEST_HOST = "$(BUILT_PRODUCTS_DIR)/Swift_Totalizator.app/Swift_Totalizator";
			};
			name = Debug;
		};
		B1EA4A691B9BEA8E00F2E7D8 /* Release */ = {
			isa = XCBuildConfiguration;
			buildSettings = {
				BUNDLE_LOADER = "$(TEST_HOST)";
				INFOPLIST_FILE = Swift_TotalizatorTests/Info.plist;
				LD_RUNPATH_SEARCH_PATHS = "$(inherited) @executable_path/Frameworks @loader_path/Frameworks";
				PRODUCT_BUNDLE_IDENTIFIER = "com.helloarron.Swift-TotalizatorTests";
				PRODUCT_NAME = "$(TARGET_NAME)";
				TEST_HOST = "$(BUILT_PRODUCTS_DIR)/Swift_Totalizator.app/Swift_Totalizator";
			};
			name = Release;
		};
		B1EA4A6B1B9BEA8E00F2E7D8 /* Debug */ = {
			isa = XCBuildConfiguration;
			buildSettings = {
				INFOPLIST_FILE = Swift_TotalizatorUITests/Info.plist;
				LD_RUNPATH_SEARCH_PATHS = "$(inherited) @executable_path/Frameworks @loader_path/Frameworks";
				PRODUCT_BUNDLE_IDENTIFIER = "com.helloarron.Swift-TotalizatorUITests";
				PRODUCT_NAME = "$(TARGET_NAME)";
				TEST_TARGET_NAME = Swift_Totalizator;
				USES_XCTRUNNER = YES;
			};
			name = Debug;
		};
		B1EA4A6C1B9BEA8E00F2E7D8 /* Release */ = {
			isa = XCBuildConfiguration;
			buildSettings = {
				INFOPLIST_FILE = Swift_TotalizatorUITests/Info.plist;
				LD_RUNPATH_SEARCH_PATHS = "$(inherited) @executable_path/Frameworks @loader_path/Frameworks";
				PRODUCT_BUNDLE_IDENTIFIER = "com.helloarron.Swift-TotalizatorUITests";
				PRODUCT_NAME = "$(TARGET_NAME)";
				TEST_TARGET_NAME = Swift_Totalizator;
				USES_XCTRUNNER = YES;
			};
			name = Release;
		};
/* End XCBuildConfiguration section */

/* Begin XCConfigurationList section */
		B1EA4A371B9BEA8E00F2E7D8 /* Build configuration list for PBXProject "Swift_Totalizator" */ = {
			isa = XCConfigurationList;
			buildConfigurations = (
				B1EA4A621B9BEA8E00F2E7D8 /* Debug */,
				B1EA4A631B9BEA8E00F2E7D8 /* Release */,
			);
			defaultConfigurationIsVisible = 0;
			defaultConfigurationName = Release;
		};
		B1EA4A641B9BEA8E00F2E7D8 /* Build configuration list for PBXNativeTarget "Swift_Totalizator" */ = {
			isa = XCConfigurationList;
			buildConfigurations = (
				B1EA4A651B9BEA8E00F2E7D8 /* Debug */,
				B1EA4A661B9BEA8E00F2E7D8 /* Release */,
			);
			defaultConfigurationIsVisible = 0;
		};
		B1EA4A671B9BEA8E00F2E7D8 /* Build configuration list for PBXNativeTarget "Swift_TotalizatorTests" */ = {
			isa = XCConfigurationList;
			buildConfigurations = (
				B1EA4A681B9BEA8E00F2E7D8 /* Debug */,
				B1EA4A691B9BEA8E00F2E7D8 /* Release */,
			);
			defaultConfigurationIsVisible = 0;
		};
		B1EA4A6A1B9BEA8E00F2E7D8 /* Build configuration list for PBXNativeTarget "Swift_TotalizatorUITests" */ = {
			isa = XCConfigurationList;
			buildConfigurations = (
				B1EA4A6B1B9BEA8E00F2E7D8 /* Debug */,
				B1EA4A6C1B9BEA8E00F2E7D8 /* Release */,
			);
			defaultConfigurationIsVisible = 0;
		};
/* End XCConfigurationList section */
	};
	rootObject = B1EA4A341B9BEA8E00F2E7D8 /* Project object */;
}
