// !$*UTF8*$!
{
	archiveVersion = 1;
	classes = {
	};
	objectVersion = 46;
	objects = {

/* Begin PBXBuildFile section */
		B10AA5351BE73BFF0032880A /* MainViewController.swift in Sources */ = {isa = PBXBuildFile; fileRef = B10AA5341BE73BFF0032880A /* MainViewController.swift */; };
		B14E452D1BB51DC8005205AA /* AppDelegate.swift in Sources */ = {isa = PBXBuildFile; fileRef = B14E452C1BB51DC8005205AA /* AppDelegate.swift */; };
		B14E452F1BB51DC8005205AA /* ViewController.swift in Sources */ = {isa = PBXBuildFile; fileRef = B14E452E1BB51DC8005205AA /* ViewController.swift */; };
		B14E45321BB51DC8005205AA /* Main.storyboard in Resources */ = {isa = PBXBuildFile; fileRef = B14E45301BB51DC8005205AA /* Main.storyboard */; };
		B14E45341BB51DC8005205AA /* Assets.xcassets in Resources */ = {isa = PBXBuildFile; fileRef = B14E45331BB51DC8005205AA /* Assets.xcassets */; };
		B14E45371BB51DC8005205AA /* LaunchScreen.storyboard in Resources */ = {isa = PBXBuildFile; fileRef = B14E45351BB51DC8005205AA /* LaunchScreen.storyboard */; };
		B14E45401BB53050005205AA /* Bolts.framework in Frameworks */ = {isa = PBXBuildFile; fileRef = B14E453E1BB53050005205AA /* Bolts.framework */; };
		B14E45411BB53050005205AA /* Parse.framework in Frameworks */ = {isa = PBXBuildFile; fileRef = B14E453F1BB53050005205AA /* Parse.framework */; };
		B1CEB37C1BD0F44D007DBDC1 /* AudioToolbox.framework in Frameworks */ = {isa = PBXBuildFile; fileRef = B1CEB37B1BD0F44D007DBDC1 /* AudioToolbox.framework */; };
		B1CEB37E1BD0F45B007DBDC1 /* CFNetwork.framework in Frameworks */ = {isa = PBXBuildFile; fileRef = B1CEB37D1BD0F45B007DBDC1 /* CFNetwork.framework */; };
		B1CEB3801BD0F466007DBDC1 /* CoreGraphics.framework in Frameworks */ = {isa = PBXBuildFile; fileRef = B1CEB37F1BD0F466007DBDC1 /* CoreGraphics.framework */; };
		B1CEB3821BD0F471007DBDC1 /* CoreLocation.framework in Frameworks */ = {isa = PBXBuildFile; fileRef = B1CEB3811BD0F471007DBDC1 /* CoreLocation.framework */; };
		B1CEB3841BD0F47B007DBDC1 /* QuartzCore.framework in Frameworks */ = {isa = PBXBuildFile; fileRef = B1CEB3831BD0F47B007DBDC1 /* QuartzCore.framework */; };
		B1CEB3861BD0F485007DBDC1 /* Security.framework in Frameworks */ = {isa = PBXBuildFile; fileRef = B1CEB3851BD0F485007DBDC1 /* Security.framework */; };
		B1CEB3881BD0F48E007DBDC1 /* StoreKit.framework in Frameworks */ = {isa = PBXBuildFile; fileRef = B1CEB3871BD0F48E007DBDC1 /* StoreKit.framework */; };
		B1CEB38A1BD0F499007DBDC1 /* SystemConfiguration.framework in Frameworks */ = {isa = PBXBuildFile; fileRef = B1CEB3891BD0F499007DBDC1 /* SystemConfiguration.framework */; };
		B1CEB38C1BD0F4A2007DBDC1 /* libz.tbd in Frameworks */ = {isa = PBXBuildFile; fileRef = B1CEB38B1BD0F4A2007DBDC1 /* libz.tbd */; };
		B1CEB38E1BD0F4AD007DBDC1 /* libsqlite3.tbd in Frameworks */ = {isa = PBXBuildFile; fileRef = B1CEB38D1BD0F4AD007DBDC1 /* libsqlite3.tbd */; };
		B1CEB3951BD0F886007DBDC1 /* SignUpViewController.swift in Sources */ = {isa = PBXBuildFile; fileRef = B1CEB3941BD0F886007DBDC1 /* SignUpViewController.swift */; };
/* End PBXBuildFile section */

/* Begin PBXFileReference section */
		B10AA5341BE73BFF0032880A /* MainViewController.swift */ = {isa = PBXFileReference; fileEncoding = 4; lastKnownFileType = sourcecode.swift; path = MainViewController.swift; sourceTree = "<group>"; };
		B14E45291BB51DC8005205AA /* MyParse.app */ = {isa = PBXFileReference; explicitFileType = wrapper.application; includeInIndex = 0; path = MyParse.app; sourceTree = BUILT_PRODUCTS_DIR; };
		B14E452C1BB51DC8005205AA /* AppDelegate.swift */ = {isa = PBXFileReference; lastKnownFileType = sourcecode.swift; path = AppDelegate.swift; sourceTree = "<group>"; };
		B14E452E1BB51DC8005205AA /* ViewController.swift */ = {isa = PBXFileReference; lastKnownFileType = sourcecode.swift; path = ViewController.swift; sourceTree = "<group>"; };
		B14E45311BB51DC8005205AA /* Base */ = {isa = PBXFileReference; lastKnownFileType = file.storyboard; name = Base; path = Base.lproj/Main.storyboard; sourceTree = "<group>"; };
		B14E45331BB51DC8005205AA /* Assets.xcassets */ = {isa = PBXFileReference; lastKnownFileType = folder.assetcatalog; path = Assets.xcassets; sourceTree = "<group>"; };
		B14E45361BB51DC8005205AA /* Base */ = {isa = PBXFileReference; lastKnownFileType = file.storyboard; name = Base; path = Base.lproj/LaunchScreen.storyboard; sourceTree = "<group>"; };
		B14E45381BB51DC8005205AA /* Info.plist */ = {isa = PBXFileReference; lastKnownFileType = text.plist.xml; path = Info.plist; sourceTree = "<group>"; };
		B14E453E1BB53050005205AA /* Bolts.framework */ = {isa = PBXFileReference; lastKnownFileType = wrapper.framework; path = Bolts.framework; sourceTree = "<group>"; };
		B14E453F1BB53050005205AA /* Parse.framework */ = {isa = PBXFileReference; lastKnownFileType = wrapper.framework; path = Parse.framework; sourceTree = "<group>"; };
		B1CEB37B1BD0F44D007DBDC1 /* AudioToolbox.framework */ = {isa = PBXFileReference; lastKnownFileType = wrapper.framework; name = AudioToolbox.framework; path = System/Library/Frameworks/AudioToolbox.framework; sourceTree = SDKROOT; };
		B1CEB37D1BD0F45B007DBDC1 /* CFNetwork.framework */ = {isa = PBXFileReference; lastKnownFileType = wrapper.framework; name = CFNetwork.framework; path = System/Library/Frameworks/CFNetwork.framework; sourceTree = SDKROOT; };
		B1CEB37F1BD0F466007DBDC1 /* CoreGraphics.framework */ = {isa = PBXFileReference; lastKnownFileType = wrapper.framework; name = CoreGraphics.framework; path = System/Library/Frameworks/CoreGraphics.framework; sourceTree = SDKROOT; };
		B1CEB3811BD0F471007DBDC1 /* CoreLocation.framework */ = {isa = PBXFileReference; lastKnownFileType = wrapper.framework; name = CoreLocation.framework; path = System/Library/Frameworks/CoreLocation.framework; sourceTree = SDKROOT; };
		B1CEB3831BD0F47B007DBDC1 /* QuartzCore.framework */ = {isa = PBXFileReference; lastKnownFileType = wrapper.framework; name = QuartzCore.framework; path = System/Library/Frameworks/QuartzCore.framework; sourceTree = SDKROOT; };
		B1CEB3851BD0F485007DBDC1 /* Security.framework */ = {isa = PBXFileReference; lastKnownFileType = wrapper.framework; name = Security.framework; path = System/Library/Frameworks/Security.framework; sourceTree = SDKROOT; };
		B1CEB3871BD0F48E007DBDC1 /* StoreKit.framework */ = {isa = PBXFileReference; lastKnownFileType = wrapper.framework; name = StoreKit.framework; path = System/Library/Frameworks/StoreKit.framework; sourceTree = SDKROOT; };
		B1CEB3891BD0F499007DBDC1 /* SystemConfiguration.framework */ = {isa = PBXFileReference; lastKnownFileType = wrapper.framework; name = SystemConfiguration.framework; path = System/Library/Frameworks/SystemConfiguration.framework; sourceTree = SDKROOT; };
		B1CEB38B1BD0F4A2007DBDC1 /* libz.tbd */ = {isa = PBXFileReference; lastKnownFileType = "sourcecode.text-based-dylib-definition"; name = libz.tbd; path = usr/lib/libz.tbd; sourceTree = SDKROOT; };
		B1CEB38D1BD0F4AD007DBDC1 /* libsqlite3.tbd */ = {isa = PBXFileReference; lastKnownFileType = "sourcecode.text-based-dylib-definition"; name = libsqlite3.tbd; path = usr/lib/libsqlite3.tbd; sourceTree = SDKROOT; };
		B1CEB3901BD0F546007DBDC1 /* MyParse-Bridging-Header.h */ = {isa = PBXFileReference; lastKnownFileType = sourcecode.c.h; path = "MyParse-Bridging-Header.h"; sourceTree = "<group>"; };
		B1CEB3941BD0F886007DBDC1 /* SignUpViewController.swift */ = {isa = PBXFileReference; fileEncoding = 4; lastKnownFileType = sourcecode.swift; path = SignUpViewController.swift; sourceTree = "<group>"; };
/* End PBXFileReference section */

/* Begin PBXFrameworksBuildPhase section */
		B14E45261BB51DC8005205AA /* Frameworks */ = {
			isa = PBXFrameworksBuildPhase;
			buildActionMask = 2147483647;
			files = (
				B1CEB38E1BD0F4AD007DBDC1 /* libsqlite3.tbd in Frameworks */,
				B1CEB38C1BD0F4A2007DBDC1 /* libz.tbd in Frameworks */,
				B1CEB38A1BD0F499007DBDC1 /* SystemConfiguration.framework in Frameworks */,
				B1CEB3881BD0F48E007DBDC1 /* StoreKit.framework in Frameworks */,
				B1CEB3861BD0F485007DBDC1 /* Security.framework in Frameworks */,
				B1CEB3841BD0F47B007DBDC1 /* QuartzCore.framework in Frameworks */,
				B1CEB3821BD0F471007DBDC1 /* CoreLocation.framework in Frameworks */,
				B1CEB3801BD0F466007DBDC1 /* CoreGraphics.framework in Frameworks */,
				B1CEB37E1BD0F45B007DBDC1 /* CFNetwork.framework in Frameworks */,
				B1CEB37C1BD0F44D007DBDC1 /* AudioToolbox.framework in Frameworks */,
				B14E45411BB53050005205AA /* Parse.framework in Frameworks */,
				B14E45401BB53050005205AA /* Bolts.framework in Frameworks */,
			);
			runOnlyForDeploymentPostprocessing = 0;
		};
/* End PBXFrameworksBuildPhase section */

/* Begin PBXGroup section */
		B14E45201BB51DC8005205AA = {
			isa = PBXGroup;
			children = (
				B1CEB38D1BD0F4AD007DBDC1 /* libsqlite3.tbd */,
				B1CEB38B1BD0F4A2007DBDC1 /* libz.tbd */,
				B1CEB38F1BD0F4DC007DBDC1 /* Frameworks */,
				B14E452B1BB51DC8005205AA /* MyParse */,
				B14E452A1BB51DC8005205AA /* Products */,
			);
			sourceTree = "<group>";
		};
		B14E452A1BB51DC8005205AA /* Products */ = {
			isa = PBXGroup;
			children = (
				B14E45291BB51DC8005205AA /* MyParse.app */,
			);
			name = Products;
			sourceTree = "<group>";
		};
		B14E452B1BB51DC8005205AA /* MyParse */ = {
			isa = PBXGroup;
			children = (
				B14E452C1BB51DC8005205AA /* AppDelegate.swift */,
				B14E452E1BB51DC8005205AA /* ViewController.swift */,
				B1CEB3941BD0F886007DBDC1 /* SignUpViewController.swift */,
				B10AA5341BE73BFF0032880A /* MainViewController.swift */,
				B14E45301BB51DC8005205AA /* Main.storyboard */,
				B14E45331BB51DC8005205AA /* Assets.xcassets */,
				B14E45351BB51DC8005205AA /* LaunchScreen.storyboard */,
				B14E45381BB51DC8005205AA /* Info.plist */,
				B1CEB3901BD0F546007DBDC1 /* MyParse-Bridging-Header.h */,
			);
			path = MyParse;
			sourceTree = "<group>";
		};
		B1CEB38F1BD0F4DC007DBDC1 /* Frameworks */ = {
			isa = PBXGroup;
			children = (
				B1CEB3891BD0F499007DBDC1 /* SystemConfiguration.framework */,
				B1CEB3871BD0F48E007DBDC1 /* StoreKit.framework */,
				B1CEB3851BD0F485007DBDC1 /* Security.framework */,
				B1CEB3831BD0F47B007DBDC1 /* QuartzCore.framework */,
				B1CEB3811BD0F471007DBDC1 /* CoreLocation.framework */,
				B1CEB37F1BD0F466007DBDC1 /* CoreGraphics.framework */,
				B1CEB37D1BD0F45B007DBDC1 /* CFNetwork.framework */,
				B1CEB37B1BD0F44D007DBDC1 /* AudioToolbox.framework */,
				B14E453E1BB53050005205AA /* Bolts.framework */,
				B14E453F1BB53050005205AA /* Parse.framework */,
			);
			name = Frameworks;
			sourceTree = "<group>";
		};
/* End PBXGroup section */

/* Begin PBXNativeTarget section */
		B14E45281BB51DC8005205AA /* MyParse */ = {
			isa = PBXNativeTarget;
			buildConfigurationList = B14E453B1BB51DC8005205AA /* Build configuration list for PBXNativeTarget "MyParse" */;
			buildPhases = (
				B14E45251BB51DC8005205AA /* Sources */,
				B14E45261BB51DC8005205AA /* Frameworks */,
				B14E45271BB51DC8005205AA /* Resources */,
			);
			buildRules = (
			);
			dependencies = (
			);
			name = MyParse;
			productName = MyParse;
			productReference = B14E45291BB51DC8005205AA /* MyParse.app */;
			productType = "com.apple.product-type.application";
		};
/* End PBXNativeTarget section */

/* Begin PBXProject section */
		B14E45211BB51DC8005205AA /* Project object */ = {
			isa = PBXProject;
			attributes = {
				LastSwiftUpdateCheck = 0700;
				LastUpgradeCheck = 0700;
				ORGANIZATIONNAME = Arron;
				TargetAttributes = {
					B14E45281BB51DC8005205AA = {
						CreatedOnToolsVersion = 7.0;
						DevelopmentTeam = HZHJE8SRWK;
					};
				};
			};
			buildConfigurationList = B14E45241BB51DC8005205AA /* Build configuration list for PBXProject "MyParse" */;
			compatibilityVersion = "Xcode 3.2";
			developmentRegion = English;
			hasScannedForEncodings = 0;
			knownRegions = (
				en,
				Base,
			);
			mainGroup = B14E45201BB51DC8005205AA;
			productRefGroup = B14E452A1BB51DC8005205AA /* Products */;
			projectDirPath = "";
			projectRoot = "";
			targets = (
				B14E45281BB51DC8005205AA /* MyParse */,
			);
		};
/* End PBXProject section */

/* Begin PBXResourcesBuildPhase section */
		B14E45271BB51DC8005205AA /* Resources */ = {
			isa = PBXResourcesBuildPhase;
			buildActionMask = 2147483647;
			files = (
				B14E45371BB51DC8005205AA /* LaunchScreen.storyboard in Resources */,
				B14E45341BB51DC8005205AA /* Assets.xcassets in Resources */,
				B14E45321BB51DC8005205AA /* Main.storyboard in Resources */,
			);
			runOnlyForDeploymentPostprocessing = 0;
		};
/* End PBXResourcesBuildPhase section */

/* Begin PBXSourcesBuildPhase section */
		B14E45251BB51DC8005205AA /* Sources */ = {
			isa = PBXSourcesBuildPhase;
			buildActionMask = 2147483647;
			files = (
				B1CEB3951BD0F886007DBDC1 /* SignUpViewController.swift in Sources */,
				B14E452F1BB51DC8005205AA /* ViewController.swift in Sources */,
				B14E452D1BB51DC8005205AA /* AppDelegate.swift in Sources */,
				B10AA5351BE73BFF0032880A /* MainViewController.swift in Sources */,
			);
			runOnlyForDeploymentPostprocessing = 0;
		};
/* End PBXSourcesBuildPhase section */

/* Begin PBXVariantGroup section */
		B14E45301BB51DC8005205AA /* Main.storyboard */ = {
			isa = PBXVariantGroup;
			children = (
				B14E45311BB51DC8005205AA /* Base */,
			);
			name = Main.storyboard;
			sourceTree = "<group>";
		};
		B14E45351BB51DC8005205AA /* LaunchScreen.storyboard */ = {
			isa = PBXVariantGroup;
			children = (
				B14E45361BB51DC8005205AA /* Base */,
			);
			name = LaunchScreen.storyboard;
			sourceTree = "<group>";
		};
/* End PBXVariantGroup section */

/* Begin XCBuildConfiguration section */
		B14E45391BB51DC8005205AA /* Debug */ = {
			isa = XCBuildConfiguration;
			buildSettings = {
				ALWAYS_SEARCH_USER_PATHS = NO;
				CLANG_CXX_LANGUAGE_STANDARD = "gnu++0x";
				CLANG_CXX_LIBRARY = "libc++";
				CLANG_ENABLE_MODULES = YES;
				CLANG_ENABLE_OBJC_ARC = YES;
				CLANG_WARN_BOOL_CONVERSION = YES;
				CLANG_WARN_CONSTANT_CONVERSION = YES;
				CLANG_WARN_DIRECT_OBJC_ISA_USAGE = YES_ERROR;
				CLANG_WARN_EMPTY_BODY = YES;
				CLANG_WARN_ENUM_CONVERSION = YES;
				CLANG_WARN_INT_CONVERSION = YES;
				CLANG_WARN_OBJC_ROOT_CLASS = YES_ERROR;
				CLANG_WARN_UNREACHABLE_CODE = YES;
				CLANG_WARN__DUPLICATE_METHOD_MATCH = YES;
				"CODE_SIGN_IDENTITY[sdk=iphoneos*]" = "iPhone Developer";
				COPY_PHASE_STRIP = NO;
				DEBUG_INFORMATION_FORMAT = dwarf;
				ENABLE_STRICT_OBJC_MSGSEND = YES;
				ENABLE_TESTABILITY = YES;
				GCC_C_LANGUAGE_STANDARD = gnu99;
				GCC_DYNAMIC_NO_PIC = NO;
				GCC_NO_COMMON_BLOCKS = YES;
				GCC_OPTIMIZATION_LEVEL = 0;
				GCC_PREPROCESSOR_DEFINITIONS = (
					"DEBUG=1",
					"$(inherited)",
				);
				GCC_WARN_64_TO_32_BIT_CONVERSION = YES;
				GCC_WARN_ABOUT_RETURN_TYPE = YES_ERROR;
				GCC_WARN_UNDECLARED_SELECTOR = YES;
				GCC_WARN_UNINITIALIZED_AUTOS = YES_AGGRESSIVE;
				GCC_WARN_UNUSED_FUNCTION = YES;
				GCC_WARN_UNUSED_VARIABLE = YES;
				IPHONEOS_DEPLOYMENT_TARGET = 8.0;
				MTL_ENABLE_DEBUG_INFO = YES;
				ONLY_ACTIVE_ARCH = YES;
				SDKROOT = iphoneos;
				SWIFT_OPTIMIZATION_LEVEL = "-Onone";
			};
			name = Debug;
		};
		B14E453A1BB51DC8005205AA /* Release */ = {
			isa = XCBuildConfiguration;
			buildSettings = {
				ALWAYS_SEARCH_USER_PATHS = NO;
				CLANG_CXX_LANGUAGE_STANDARD = "gnu++0x";
				CLANG_CXX_LIBRARY = "libc++";
				CLANG_ENABLE_MODULES = YES;
				CLANG_ENABLE_OBJC_ARC = YES;
				CLANG_WARN_BOOL_CONVERSION = YES;
				CLANG_WARN_CONSTANT_CONVERSION = YES;
				CLANG_WARN_DIRECT_OBJC_ISA_USAGE = YES_ERROR;
				CLANG_WARN_EMPTY_BODY = YES;
				CLANG_WARN_ENUM_CONVERSION = YES;
				CLANG_WARN_INT_CONVERSION = YES;
				CLANG_WARN_OBJC_ROOT_CLASS = YES_ERROR;
				CLANG_WARN_UNREACHABLE_CODE = YES;
				CLANG_WARN__DUPLICATE_METHOD_MATCH = YES;
				"CODE_SIGN_IDENTITY[sdk=iphoneos*]" = "iPhone Developer";
				COPY_PHASE_STRIP = NO;
				DEBUG_INFORMATION_FORMAT = "dwarf-with-dsym";
				ENABLE_NS_ASSERTIONS = NO;
				ENABLE_STRICT_OBJC_MSGSEND = YES;
				GCC_C_LANGUAGE_STANDARD = gnu99;
				GCC_NO_COMMON_BLOCKS = YES;
				GCC_WARN_64_TO_32_BIT_CONVERSION = YES;
				GCC_WARN_ABOUT_RETURN_TYPE = YES_ERROR;
				GCC_WARN_UNDECLARED_SELECTOR = YES;
				GCC_WARN_UNINITIALIZED_AUTOS = YES_AGGRESSIVE;
				GCC_WARN_UNUSED_FUNCTION = YES;
				GCC_WARN_UNUSED_VARIABLE = YES;
				IPHONEOS_DEPLOYMENT_TARGET = 8.0;
				MTL_ENABLE_DEBUG_INFO = NO;
				SDKROOT = iphoneos;
				VALIDATE_PRODUCT = YES;
			};
			name = Release;
		};
		B14E453C1BB51DC8005205AA /* Debug */ = {
			isa = XCBuildConfiguration;
			buildSettings = {
				ASSETCATALOG_COMPILER_APPICON_NAME = AppIcon;
				CLANG_ENABLE_MODULES = YES;
				CODE_SIGN_IDENTITY = "iPhone Developer";
				FRAMEWORK_SEARCH_PATHS = (
					"$(inherited)",
					"$(PROJECT_DIR)",
				);
				INFOPLIST_FILE = MyParse/Info.plist;
				LD_RUNPATH_SEARCH_PATHS = "$(inherited) @executable_path/Frameworks";
				PRODUCT_BUNDLE_IDENTIFIER = com.helloarron.MyParse;
				PRODUCT_NAME = "$(TARGET_NAME)";
				SWIFT_OBJC_BRIDGING_HEADER = "MyParse/MyParse-Bridging-Header.h";
				SWIFT_OPTIMIZATION_LEVEL = "-Onone";
			};
			name = Debug;
		};
		B14E453D1BB51DC8005205AA /* Release */ = {
			isa = XCBuildConfiguration;
			buildSettings = {
				ASSETCATALOG_COMPILER_APPICON_NAME = AppIcon;
				CLANG_ENABLE_MODULES = YES;
				CODE_SIGN_IDENTITY = "iPhone Developer";
				FRAMEWORK_SEARCH_PATHS = (
					"$(inherited)",
					"$(PROJECT_DIR)",
				);
				INFOPLIST_FILE = MyParse/Info.plist;
				LD_RUNPATH_SEARCH_PATHS = "$(inherited) @executable_path/Frameworks";
				PRODUCT_BUNDLE_IDENTIFIER = com.helloarron.MyParse;
				PRODUCT_NAME = "$(TARGET_NAME)";
				SWIFT_OBJC_BRIDGING_HEADER = "MyParse/MyParse-Bridging-Header.h";
			};
			name = Release;
		};
/* End XCBuildConfiguration section */

/* Begin XCConfigurationList section */
		B14E45241BB51DC8005205AA /* Build configuration list for PBXProject "MyParse" */ = {
			isa = XCConfigurationList;
			buildConfigurations = (
				B14E45391BB51DC8005205AA /* Debug */,
				B14E453A1BB51DC8005205AA /* Release */,
			);
			defaultConfigurationIsVisible = 0;
			defaultConfigurationName = Release;
		};
		B14E453B1BB51DC8005205AA /* Build configuration list for PBXNativeTarget "MyParse" */ = {
			isa = XCConfigurationList;
			buildConfigurations = (
				B14E453C1BB51DC8005205AA /* Debug */,
				B14E453D1BB51DC8005205AA /* Release */,
			);
			defaultConfigurationIsVisible = 0;
			defaultConfigurationName = Release;
		};
/* End XCConfigurationList section */
	};
	rootObject = B14E45211BB51DC8005205AA /* Project object */;
}
