// !$*UTF8*$!
{
	archiveVersion = 1;
	classes = {
	};
	objectVersion = 46;
	objects = {

/* Begin PBXBuildFile section */
		B1B164DE1B7B4D93003A3D15 /* AppDelegate.swift in Sources */ = {isa = PBXBuildFile; fileRef = B1B164DD1B7B4D93003A3D15 /* AppDelegate.swift */; };
		B1B164E01B7B4D93003A3D15 /* ViewController.swift in Sources */ = {isa = PBXBuildFile; fileRef = B1B164DF1B7B4D93003A3D15 /* ViewController.swift */; };
		B1B164E31B7B4D93003A3D15 /* Main.storyboard in Resources */ = {isa = PBXBuildFile; fileRef = B1B164E11B7B4D93003A3D15 /* Main.storyboard */; };
		B1B164E51B7B4D93003A3D15 /* Assets.xcassets in Resources */ = {isa = PBXBuildFile; fileRef = B1B164E41B7B4D93003A3D15 /* Assets.xcassets */; };
		B1B164E81B7B4D93003A3D15 /* LaunchScreen.storyboard in Resources */ = {isa = PBXBuildFile; fileRef = B1B164E61B7B4D93003A3D15 /* LaunchScreen.storyboard */; };
		B1B164F31B7B4D93003A3D15 /* BeautyGalleryTests.swift in Sources */ = {isa = PBXBuildFile; fileRef = B1B164F21B7B4D93003A3D15 /* BeautyGalleryTests.swift */; };
		B1B164FE1B7B4D93003A3D15 /* BeautyGalleryUITests.swift in Sources */ = {isa = PBXBuildFile; fileRef = B1B164FD1B7B4D93003A3D15 /* BeautyGalleryUITests.swift */; };
		B1B1650C1B7B6109003A3D15 /* ViewControllerExtension.swift in Sources */ = {isa = PBXBuildFile; fileRef = B1B1650B1B7B6109003A3D15 /* ViewControllerExtension.swift */; };
		B1B1650E1B7B621F003A3D15 /* GalleryViewController.swift in Sources */ = {isa = PBXBuildFile; fileRef = B1B1650D1B7B621F003A3D15 /* GalleryViewController.swift */; };
/* End PBXBuildFile section */

/* Begin PBXContainerItemProxy section */
		B1B164EF1B7B4D93003A3D15 /* PBXContainerItemProxy */ = {
			isa = PBXContainerItemProxy;
			containerPortal = B1B164D21B7B4D93003A3D15 /* Project object */;
			proxyType = 1;
			remoteGlobalIDString = B1B164D91B7B4D93003A3D15;
			remoteInfo = BeautyGallery;
		};
		B1B164FA1B7B4D93003A3D15 /* PBXContainerItemProxy */ = {
			isa = PBXContainerItemProxy;
			containerPortal = B1B164D21B7B4D93003A3D15 /* Project object */;
			proxyType = 1;
			remoteGlobalIDString = B1B164D91B7B4D93003A3D15;
			remoteInfo = BeautyGallery;
		};
/* End PBXContainerItemProxy section */

/* Begin PBXFileReference section */
		B1B164DA1B7B4D93003A3D15 /* BeautyGallery.app */ = {isa = PBXFileReference; explicitFileType = wrapper.application; includeInIndex = 0; path = BeautyGallery.app; sourceTree = BUILT_PRODUCTS_DIR; };
		B1B164DD1B7B4D93003A3D15 /* AppDelegate.swift */ = {isa = PBXFileReference; lastKnownFileType = sourcecode.swift; path = AppDelegate.swift; sourceTree = "<group>"; };
		B1B164DF1B7B4D93003A3D15 /* ViewController.swift */ = {isa = PBXFileReference; lastKnownFileType = sourcecode.swift; path = ViewController.swift; sourceTree = "<group>"; };
		B1B164E21B7B4D93003A3D15 /* Base */ = {isa = PBXFileReference; lastKnownFileType = file.storyboard; name = Base; path = Base.lproj/Main.storyboard; sourceTree = "<group>"; };
		B1B164E41B7B4D93003A3D15 /* Assets.xcassets */ = {isa = PBXFileReference; lastKnownFileType = folder.assetcatalog; path = Assets.xcassets; sourceTree = "<group>"; };
		B1B164E71B7B4D93003A3D15 /* Base */ = {isa = PBXFileReference; lastKnownFileType = file.storyboard; name = Base; path = Base.lproj/LaunchScreen.storyboard; sourceTree = "<group>"; };
		B1B164E91B7B4D93003A3D15 /* Info.plist */ = {isa = PBXFileReference; lastKnownFileType = text.plist.xml; path = Info.plist; sourceTree = "<group>"; };
		B1B164EE1B7B4D93003A3D15 /* BeautyGalleryTests.xctest */ = {isa = PBXFileReference; explicitFileType = wrapper.cfbundle; includeInIndex = 0; path = BeautyGalleryTests.xctest; sourceTree = BUILT_PRODUCTS_DIR; };
		B1B164F21B7B4D93003A3D15 /* BeautyGalleryTests.swift */ = {isa = PBXFileReference; lastKnownFileType = sourcecode.swift; path = BeautyGalleryTests.swift; sourceTree = "<group>"; };
		B1B164F41B7B4D93003A3D15 /* Info.plist */ = {isa = PBXFileReference; lastKnownFileType = text.plist.xml; path = Info.plist; sourceTree = "<group>"; };
		B1B164F91B7B4D93003A3D15 /* BeautyGalleryUITests.xctest */ = {isa = PBXFileReference; explicitFileType = wrapper.cfbundle; includeInIndex = 0; path = BeautyGalleryUITests.xctest; sourceTree = BUILT_PRODUCTS_DIR; };
		B1B164FD1B7B4D93003A3D15 /* BeautyGalleryUITests.swift */ = {isa = PBXFileReference; lastKnownFileType = sourcecode.swift; path = BeautyGalleryUITests.swift; sourceTree = "<group>"; };
		B1B164FF1B7B4D93003A3D15 /* Info.plist */ = {isa = PBXFileReference; lastKnownFileType = text.plist.xml; path = Info.plist; sourceTree = "<group>"; };
		B1B1650B1B7B6109003A3D15 /* ViewControllerExtension.swift */ = {isa = PBXFileReference; fileEncoding = 4; lastKnownFileType = sourcecode.swift; path = ViewControllerExtension.swift; sourceTree = "<group>"; };
		B1B1650D1B7B621F003A3D15 /* GalleryViewController.swift */ = {isa = PBXFileReference; fileEncoding = 4; lastKnownFileType = sourcecode.swift; path = GalleryViewController.swift; sourceTree = "<group>"; };
/* End PBXFileReference section */

/* Begin PBXFrameworksBuildPhase section */
		B1B164D71B7B4D93003A3D15 /* Frameworks */ = {
			isa = PBXFrameworksBuildPhase;
			buildActionMask = 2147483647;
			files = (
			);
			runOnlyForDeploymentPostprocessing = 0;
		};
		B1B164EB1B7B4D93003A3D15 /* Frameworks */ = {
			isa = PBXFrameworksBuildPhase;
			buildActionMask = 2147483647;
			files = (
			);
			runOnlyForDeploymentPostprocessing = 0;
		};
		B1B164F61B7B4D93003A3D15 /* Frameworks */ = {
			isa = PBXFrameworksBuildPhase;
			buildActionMask = 2147483647;
			files = (
			);
			runOnlyForDeploymentPostprocessing = 0;
		};
/* End PBXFrameworksBuildPhase section */

/* Begin PBXGroup section */
		B1B164D11B7B4D93003A3D15 = {
			isa = PBXGroup;
			children = (
				B1B164DC1B7B4D93003A3D15 /* BeautyGallery */,
				B1B164F11B7B4D93003A3D15 /* BeautyGalleryTests */,
				B1B164FC1B7B4D93003A3D15 /* BeautyGalleryUITests */,
				B1B164DB1B7B4D93003A3D15 /* Products */,
			);
			sourceTree = "<group>";
		};
		B1B164DB1B7B4D93003A3D15 /* Products */ = {
			isa = PBXGroup;
			children = (
				B1B164DA1B7B4D93003A3D15 /* BeautyGallery.app */,
				B1B164EE1B7B4D93003A3D15 /* BeautyGalleryTests.xctest */,
				B1B164F91B7B4D93003A3D15 /* BeautyGalleryUITests.xctest */,
			);
			name = Products;
			sourceTree = "<group>";
		};
		B1B164DC1B7B4D93003A3D15 /* BeautyGallery */ = {
			isa = PBXGroup;
			children = (
				B1B164DD1B7B4D93003A3D15 /* AppDelegate.swift */,
				B1B164DF1B7B4D93003A3D15 /* ViewController.swift */,
				B1B1650B1B7B6109003A3D15 /* ViewControllerExtension.swift */,
				B1B1650D1B7B621F003A3D15 /* GalleryViewController.swift */,
				B1B164E11B7B4D93003A3D15 /* Main.storyboard */,
				B1B164E41B7B4D93003A3D15 /* Assets.xcassets */,
				B1B164E61B7B4D93003A3D15 /* LaunchScreen.storyboard */,
				B1B164E91B7B4D93003A3D15 /* Info.plist */,
			);
			path = BeautyGallery;
			sourceTree = "<group>";
		};
		B1B164F11B7B4D93003A3D15 /* BeautyGalleryTests */ = {
			isa = PBXGroup;
			children = (
				B1B164F21B7B4D93003A3D15 /* BeautyGalleryTests.swift */,
				B1B164F41B7B4D93003A3D15 /* Info.plist */,
			);
			path = BeautyGalleryTests;
			sourceTree = "<group>";
		};
		B1B164FC1B7B4D93003A3D15 /* BeautyGalleryUITests */ = {
			isa = PBXGroup;
			children = (
				B1B164FD1B7B4D93003A3D15 /* BeautyGalleryUITests.swift */,
				B1B164FF1B7B4D93003A3D15 /* Info.plist */,
			);
			path = BeautyGalleryUITests;
			sourceTree = "<group>";
		};
/* End PBXGroup section */

/* Begin PBXNativeTarget section */
		B1B164D91B7B4D93003A3D15 /* BeautyGallery */ = {
			isa = PBXNativeTarget;
			buildConfigurationList = B1B165021B7B4D93003A3D15 /* Build configuration list for PBXNativeTarget "BeautyGallery" */;
			buildPhases = (
				B1B164D61B7B4D93003A3D15 /* Sources */,
				B1B164D71B7B4D93003A3D15 /* Frameworks */,
				B1B164D81B7B4D93003A3D15 /* Resources */,
			);
			buildRules = (
			);
			dependencies = (
			);
			name = BeautyGallery;
			productName = BeautyGallery;
			productReference = B1B164DA1B7B4D93003A3D15 /* BeautyGallery.app */;
			productType = "com.apple.product-type.application";
		};
		B1B164ED1B7B4D93003A3D15 /* BeautyGalleryTests */ = {
			isa = PBXNativeTarget;
			buildConfigurationList = B1B165051B7B4D93003A3D15 /* Build configuration list for PBXNativeTarget "BeautyGalleryTests" */;
			buildPhases = (
				B1B164EA1B7B4D93003A3D15 /* Sources */,
				B1B164EB1B7B4D93003A3D15 /* Frameworks */,
				B1B164EC1B7B4D93003A3D15 /* Resources */,
			);
			buildRules = (
			);
			dependencies = (
				B1B164F01B7B4D93003A3D15 /* PBXTargetDependency */,
			);
			name = BeautyGalleryTests;
			productName = BeautyGalleryTests;
			productReference = B1B164EE1B7B4D93003A3D15 /* BeautyGalleryTests.xctest */;
			productType = "com.apple.product-type.bundle.unit-test";
		};
		B1B164F81B7B4D93003A3D15 /* BeautyGalleryUITests */ = {
			isa = PBXNativeTarget;
			buildConfigurationList = B1B165081B7B4D93003A3D15 /* Build configuration list for PBXNativeTarget "BeautyGalleryUITests" */;
			buildPhases = (
				B1B164F51B7B4D93003A3D15 /* Sources */,
				B1B164F61B7B4D93003A3D15 /* Frameworks */,
				B1B164F71B7B4D93003A3D15 /* Resources */,
			);
			buildRules = (
			);
			dependencies = (
				B1B164FB1B7B4D93003A3D15 /* PBXTargetDependency */,
			);
			name = BeautyGalleryUITests;
			productName = BeautyGalleryUITests;
			productReference = B1B164F91B7B4D93003A3D15 /* BeautyGalleryUITests.xctest */;
			productType = "com.apple.product-type.bundle.ui-testing";
		};
/* End PBXNativeTarget section */

/* Begin PBXProject section */
		B1B164D21B7B4D93003A3D15 /* Project object */ = {
			isa = PBXProject;
			attributes = {
				LastUpgradeCheck = 0700;
				ORGANIZATIONNAME = arron;
				TargetAttributes = {
					B1B164D91B7B4D93003A3D15 = {
						CreatedOnToolsVersion = 7.0;
					};
					B1B164ED1B7B4D93003A3D15 = {
						CreatedOnToolsVersion = 7.0;
						TestTargetID = B1B164D91B7B4D93003A3D15;
					};
					B1B164F81B7B4D93003A3D15 = {
						CreatedOnToolsVersion = 7.0;
						TestTargetID = B1B164D91B7B4D93003A3D15;
					};
				};
			};
			buildConfigurationList = B1B164D51B7B4D93003A3D15 /* Build configuration list for PBXProject "BeautyGallery" */;
			compatibilityVersion = "Xcode 3.2";
			developmentRegion = English;
			hasScannedForEncodings = 0;
			knownRegions = (
				en,
				Base,
			);
			mainGroup = B1B164D11B7B4D93003A3D15;
			productRefGroup = B1B164DB1B7B4D93003A3D15 /* Products */;
			projectDirPath = "";
			projectRoot = "";
			targets = (
				B1B164D91B7B4D93003A3D15 /* BeautyGallery */,
				B1B164ED1B7B4D93003A3D15 /* BeautyGalleryTests */,
				B1B164F81B7B4D93003A3D15 /* BeautyGalleryUITests */,
			);
		};
/* End PBXProject section */

/* Begin PBXResourcesBuildPhase section */
		B1B164D81B7B4D93003A3D15 /* Resources */ = {
			isa = PBXResourcesBuildPhase;
			buildActionMask = 2147483647;
			files = (
				B1B164E81B7B4D93003A3D15 /* LaunchScreen.storyboard in Resources */,
				B1B164E51B7B4D93003A3D15 /* Assets.xcassets in Resources */,
				B1B164E31B7B4D93003A3D15 /* Main.storyboard in Resources */,
			);
			runOnlyForDeploymentPostprocessing = 0;
		};
		B1B164EC1B7B4D93003A3D15 /* Resources */ = {
			isa = PBXResourcesBuildPhase;
			buildActionMask = 2147483647;
			files = (
			);
			runOnlyForDeploymentPostprocessing = 0;
		};
		B1B164F71B7B4D93003A3D15 /* Resources */ = {
			isa = PBXResourcesBuildPhase;
			buildActionMask = 2147483647;
			files = (
			);
			runOnlyForDeploymentPostprocessing = 0;
		};
/* End PBXResourcesBuildPhase section */

/* Begin PBXSourcesBuildPhase section */
		B1B164D61B7B4D93003A3D15 /* Sources */ = {
			isa = PBXSourcesBuildPhase;
			buildActionMask = 2147483647;
			files = (
				B1B164E01B7B4D93003A3D15 /* ViewController.swift in Sources */,
				B1B1650E1B7B621F003A3D15 /* GalleryViewController.swift in Sources */,
				B1B164DE1B7B4D93003A3D15 /* AppDelegate.swift in Sources */,
				B1B1650C1B7B6109003A3D15 /* ViewControllerExtension.swift in Sources */,
			);
			runOnlyForDeploymentPostprocessing = 0;
		};
		B1B164EA1B7B4D93003A3D15 /* Sources */ = {
			isa = PBXSourcesBuildPhase;
			buildActionMask = 2147483647;
			files = (
				B1B164F31B7B4D93003A3D15 /* BeautyGalleryTests.swift in Sources */,
			);
			runOnlyForDeploymentPostprocessing = 0;
		};
		B1B164F51B7B4D93003A3D15 /* Sources */ = {
			isa = PBXSourcesBuildPhase;
			buildActionMask = 2147483647;
			files = (
				B1B164FE1B7B4D93003A3D15 /* BeautyGalleryUITests.swift in Sources */,
			);
			runOnlyForDeploymentPostprocessing = 0;
		};
/* End PBXSourcesBuildPhase section */

/* Begin PBXTargetDependency section */
		B1B164F01B7B4D93003A3D15 /* PBXTargetDependency */ = {
			isa = PBXTargetDependency;
			target = B1B164D91B7B4D93003A3D15 /* BeautyGallery */;
			targetProxy = B1B164EF1B7B4D93003A3D15 /* PBXContainerItemProxy */;
		};
		B1B164FB1B7B4D93003A3D15 /* PBXTargetDependency */ = {
			isa = PBXTargetDependency;
			target = B1B164D91B7B4D93003A3D15 /* BeautyGallery */;
			targetProxy = B1B164FA1B7B4D93003A3D15 /* PBXContainerItemProxy */;
		};
/* End PBXTargetDependency section */

/* Begin PBXVariantGroup section */
		B1B164E11B7B4D93003A3D15 /* Main.storyboard */ = {
			isa = PBXVariantGroup;
			children = (
				B1B164E21B7B4D93003A3D15 /* Base */,
			);
			name = Main.storyboard;
			sourceTree = "<group>";
		};
		B1B164E61B7B4D93003A3D15 /* LaunchScreen.storyboard */ = {
			isa = PBXVariantGroup;
			children = (
				B1B164E71B7B4D93003A3D15 /* Base */,
			);
			name = LaunchScreen.storyboard;
			sourceTree = "<group>";
		};
/* End PBXVariantGroup section */

/* Begin XCBuildConfiguration section */
		B1B165001B7B4D93003A3D15 /* Debug */ = {
			isa = XCBuildConfiguration;
			buildSettings = {
				ALWAYS_SEARCH_USER_PATHS = NO;
				CLANG_CXX_LANGUAGE_STANDARD = "gnu++0x";
				CLANG_CXX_LIBRARY = "libc++";
				CLANG_ENABLE_MODULES = YES;
				CLANG_ENABLE_OBJC_ARC = YES;
				CLANG_WARN_BOOL_CONVERSION = YES;
				CLANG_WARN_CONSTANT_CONVERSION = YES;
				CLANG_WARN_DIRECT_OBJC_ISA_USAGE = YES_ERROR;
				CLANG_WARN_EMPTY_BODY = YES;
				CLANG_WARN_ENUM_CONVERSION = YES;
				CLANG_WARN_INT_CONVERSION = YES;
				CLANG_WARN_OBJC_ROOT_CLASS = YES_ERROR;
				CLANG_WARN_UNREACHABLE_CODE = YES;
				CLANG_WARN__DUPLICATE_METHOD_MATCH = YES;
				"CODE_SIGN_IDENTITY[sdk=iphoneos*]" = "iPhone Developer";
				COPY_PHASE_STRIP = NO;
				DEBUG_INFORMATION_FORMAT = dwarf;
				ENABLE_STRICT_OBJC_MSGSEND = YES;
				ENABLE_TESTABILITY = YES;
				GCC_C_LANGUAGE_STANDARD = gnu99;
				GCC_DYNAMIC_NO_PIC = NO;
				GCC_NO_COMMON_BLOCKS = YES;
				GCC_OPTIMIZATION_LEVEL = 0;
				GCC_PREPROCESSOR_DEFINITIONS = (
					"DEBUG=1",
					"$(inherited)",
				);
				GCC_WARN_64_TO_32_BIT_CONVERSION = YES;
				GCC_WARN_ABOUT_RETURN_TYPE = YES_ERROR;
				GCC_WARN_UNDECLARED_SELECTOR = YES;
				GCC_WARN_UNINITIALIZED_AUTOS = YES_AGGRESSIVE;
				GCC_WARN_UNUSED_FUNCTION = YES;
				GCC_WARN_UNUSED_VARIABLE = YES;
				IPHONEOS_DEPLOYMENT_TARGET = 9.0;
				MTL_ENABLE_DEBUG_INFO = YES;
				ONLY_ACTIVE_ARCH = YES;
				SDKROOT = iphoneos;
				SWIFT_OPTIMIZATION_LEVEL = "-Onone";
				TARGETED_DEVICE_FAMILY = "1,2";
			};
			name = Debug;
		};
		B1B165011B7B4D93003A3D15 /* Release */ = {
			isa = XCBuildConfiguration;
			buildSettings = {
				ALWAYS_SEARCH_USER_PATHS = NO;
				CLANG_CXX_LANGUAGE_STANDARD = "gnu++0x";
				CLANG_CXX_LIBRARY = "libc++";
				CLANG_ENABLE_MODULES = YES;
				CLANG_ENABLE_OBJC_ARC = YES;
				CLANG_WARN_BOOL_CONVERSION = YES;
				CLANG_WARN_CONSTANT_CONVERSION = YES;
				CLANG_WARN_DIRECT_OBJC_ISA_USAGE = YES_ERROR;
				CLANG_WARN_EMPTY_BODY = YES;
				CLANG_WARN_ENUM_CONVERSION = YES;
				CLANG_WARN_INT_CONVERSION = YES;
				CLANG_WARN_OBJC_ROOT_CLASS = YES_ERROR;
				CLANG_WARN_UNREACHABLE_CODE = YES;
				CLANG_WARN__DUPLICATE_METHOD_MATCH = YES;
				"CODE_SIGN_IDENTITY[sdk=iphoneos*]" = "iPhone Developer";
				COPY_PHASE_STRIP = NO;
				DEBUG_INFORMATION_FORMAT = "dwarf-with-dsym";
				ENABLE_NS_ASSERTIONS = NO;
				ENABLE_STRICT_OBJC_MSGSEND = YES;
				GCC_C_LANGUAGE_STANDARD = gnu99;
				GCC_NO_COMMON_BLOCKS = YES;
				GCC_WARN_64_TO_32_BIT_CONVERSION = YES;
				GCC_WARN_ABOUT_RETURN_TYPE = YES_ERROR;
				GCC_WARN_UNDECLARED_SELECTOR = YES;
				GCC_WARN_UNINITIALIZED_AUTOS = YES_AGGRESSIVE;
				GCC_WARN_UNUSED_FUNCTION = YES;
				GCC_WARN_UNUSED_VARIABLE = YES;
				IPHONEOS_DEPLOYMENT_TARGET = 9.0;
				MTL_ENABLE_DEBUG_INFO = NO;
				SDKROOT = iphoneos;
				TARGETED_DEVICE_FAMILY = "1,2";
				VALIDATE_PRODUCT = YES;
			};
			name = Release;
		};
		B1B165031B7B4D93003A3D15 /* Debug */ = {
			isa = XCBuildConfiguration;
			buildSettings = {
				ASSETCATALOG_COMPILER_APPICON_NAME = AppIcon;
				INFOPLIST_FILE = BeautyGallery/Info.plist;
				LD_RUNPATH_SEARCH_PATHS = "$(inherited) @executable_path/Frameworks";
				PRODUCT_BUNDLE_IDENTIFIER = com.arron.BeautyGallery;
				PRODUCT_NAME = "$(TARGET_NAME)";
			};
			name = Debug;
		};
		B1B165041B7B4D93003A3D15 /* Release */ = {
			isa = XCBuildConfiguration;
			buildSettings = {
				ASSETCATALOG_COMPILER_APPICON_NAME = AppIcon;
				INFOPLIST_FILE = BeautyGallery/Info.plist;
				LD_RUNPATH_SEARCH_PATHS = "$(inherited) @executable_path/Frameworks";
				PRODUCT_BUNDLE_IDENTIFIER = com.arron.BeautyGallery;
				PRODUCT_NAME = "$(TARGET_NAME)";
			};
			name = Release;
		};
		B1B165061B7B4D93003A3D15 /* Debug */ = {
			isa = XCBuildConfiguration;
			buildSettings = {
				BUNDLE_LOADER = "$(TEST_HOST)";
				INFOPLIST_FILE = BeautyGalleryTests/Info.plist;
				LD_RUNPATH_SEARCH_PATHS = "$(inherited) @executable_path/Frameworks @loader_path/Frameworks";
				PRODUCT_BUNDLE_IDENTIFIER = com.arron.BeautyGalleryTests;
				PRODUCT_NAME = "$(TARGET_NAME)";
				TEST_HOST = "$(BUILT_PRODUCTS_DIR)/BeautyGallery.app/BeautyGallery";
			};
			name = Debug;
		};
		B1B165071B7B4D93003A3D15 /* Release */ = {
			isa = XCBuildConfiguration;
			buildSettings = {
				BUNDLE_LOADER = "$(TEST_HOST)";
				INFOPLIST_FILE = BeautyGalleryTests/Info.plist;
				LD_RUNPATH_SEARCH_PATHS = "$(inherited) @executable_path/Frameworks @loader_path/Frameworks";
				PRODUCT_BUNDLE_IDENTIFIER = com.arron.BeautyGalleryTests;
				PRODUCT_NAME = "$(TARGET_NAME)";
				TEST_HOST = "$(BUILT_PRODUCTS_DIR)/BeautyGallery.app/BeautyGallery";
			};
			name = Release;
		};
		B1B165091B7B4D93003A3D15 /* Debug */ = {
			isa = XCBuildConfiguration;
			buildSettings = {
				INFOPLIST_FILE = BeautyGalleryUITests/Info.plist;
				LD_RUNPATH_SEARCH_PATHS = "$(inherited) @executable_path/Frameworks @loader_path/Frameworks";
				PRODUCT_BUNDLE_IDENTIFIER = com.arron.BeautyGalleryUITests;
				PRODUCT_NAME = "$(TARGET_NAME)";
				TEST_TARGET_NAME = BeautyGallery;
				USES_XCTRUNNER = YES;
			};
			name = Debug;
		};
		B1B1650A1B7B4D93003A3D15 /* Release */ = {
			isa = XCBuildConfiguration;
			buildSettings = {
				INFOPLIST_FILE = BeautyGalleryUITests/Info.plist;
				LD_RUNPATH_SEARCH_PATHS = "$(inherited) @executable_path/Frameworks @loader_path/Frameworks";
				PRODUCT_BUNDLE_IDENTIFIER = com.arron.BeautyGalleryUITests;
				PRODUCT_NAME = "$(TARGET_NAME)";
				TEST_TARGET_NAME = BeautyGallery;
				USES_XCTRUNNER = YES;
			};
			name = Release;
		};
/* End XCBuildConfiguration section */

/* Begin XCConfigurationList section */
		B1B164D51B7B4D93003A3D15 /* Build configuration list for PBXProject "BeautyGallery" */ = {
			isa = XCConfigurationList;
			buildConfigurations = (
				B1B165001B7B4D93003A3D15 /* Debug */,
				B1B165011B7B4D93003A3D15 /* Release */,
			);
			defaultConfigurationIsVisible = 0;
			defaultConfigurationName = Release;
		};
		B1B165021B7B4D93003A3D15 /* Build configuration list for PBXNativeTarget "BeautyGallery" */ = {
			isa = XCConfigurationList;
			buildConfigurations = (
				B1B165031B7B4D93003A3D15 /* Debug */,
				B1B165041B7B4D93003A3D15 /* Release */,
			);
			defaultConfigurationIsVisible = 0;
		};
		B1B165051B7B4D93003A3D15 /* Build configuration list for PBXNativeTarget "BeautyGalleryTests" */ = {
			isa = XCConfigurationList;
			buildConfigurations = (
				B1B165061B7B4D93003A3D15 /* Debug */,
				B1B165071B7B4D93003A3D15 /* Release */,
			);
			defaultConfigurationIsVisible = 0;
		};
		B1B165081B7B4D93003A3D15 /* Build configuration list for PBXNativeTarget "BeautyGalleryUITests" */ = {
			isa = XCConfigurationList;
			buildConfigurations = (
				B1B165091B7B4D93003A3D15 /* Debug */,
				B1B1650A1B7B4D93003A3D15 /* Release */,
			);
			defaultConfigurationIsVisible = 0;
		};
/* End XCConfigurationList section */
	};
	rootObject = B1B164D21B7B4D93003A3D15 /* Project object */;
}
